
Microsoft Visual Studio Solution File, Format Version 12.00
# Visual Studio Version 17
VisualStudioVersion = 17.0.31903.59
MinimumVisualStudioVersion = 10.0.40219.1
Project("{FAE04EC0-301F-11D3-BF4B-00C04F79EFBC}") = "RepresentationDuPlateauCompleteTests", "RepresentationDuPlateauCompleteTests\RepresentationDuPlateauCompleteTests.csproj", "{C822A3D7-569B-43C0-A1D5-6328ABE933A3}"
EndProject
Project("{2150E333-8FDC-42A3-9474-1A3956D46DE8}") = "Documentation", "Documentation", "{29775456-DDEE-4271-976E-19B8A43BDC69}"
	ProjectSection(SolutionItems) = preProject
		README.md = README.md
	EndProjectSection
EndProject
Project("{2150E333-8FDC-42A3-9474-1A3956D46DE8}") = "RepresentationDuPlateauComplete", "RepresentationDuPlateauComplete", "{E1B9A3A2-D649-47E5-B880-9243332EDFCD}"
EndProject
Project("{FAE04EC0-301F-11D3-BF4B-00C04F79EFBC}") = "RepresentationDuPlateauComplete", "RepresentationDuPlateauComplete\RepresentationDuPlateauComplete.csproj", "{AEEFFABC-8667-4297-94E9-90CFC49BB338}"
EndProject
Global
	GlobalSection(SolutionConfigurationPlatforms) = preSolution
		Debug|Any CPU = Debug|Any CPU
		Release|Any CPU = Release|Any CPU
	EndGlobalSection
	GlobalSection(SolutionProperties) = preSolution
		HideSolutionNode = FALSE
	EndGlobalSection
	GlobalSection(ProjectConfigurationPlatforms) = postSolution
		{C822A3D7-569B-43C0-A1D5-6328ABE933A3}.Debug|Any CPU.ActiveCfg = Debug|Any CPU
		{C822A3D7-569B-43C0-A1D5-6328ABE933A3}.Debug|Any CPU.Build.0 = Debug|Any CPU
		{C822A3D7-569B-43C0-A1D5-6328ABE933A3}.Release|Any CPU.ActiveCfg = Release|Any CPU
		{C822A3D7-569B-43C0-A1D5-6328ABE933A3}.Release|Any CPU.Build.0 = Release|Any CPU
		{AEEFFABC-8667-4297-94E9-90CFC49BB338}.Debug|Any CPU.ActiveCfg = Debug|Any CPU
		{AEEFFABC-8667-4297-94E9-90CFC49BB338}.Debug|Any CPU.Build.0 = Debug|Any CPU
		{AEEFFABC-8667-4297-94E9-90CFC49BB338}.Release|Any CPU.ActiveCfg = Release|Any CPU
		{AEEFFABC-8667-4297-94E9-90CFC49BB338}.Release|Any CPU.Build.0 = Release|Any CPU
	EndGlobalSection
	GlobalSection(NestedProjects) = preSolution
		{C822A3D7-569B-43C0-A1D5-6328ABE933A3} = {E1B9A3A2-D649-47E5-B880-9243332EDFCD}
		{AEEFFABC-8667-4297-94E9-90CFC49BB338} = {E1B9A3A2-D649-47E5-B880-9243332EDFCD}
	EndGlobalSection
EndGlobal
